{
  "name": "cdn",
  "lockfileVersion": 3,
  "requires": true,
  "packages": {
    "": {
      "dependencies": {
        "all-files-in-tree": "^1.1.2",
        "pretty-file-tree": "^1.0.1",
        "uglify-js": "^3.17.4"
      }
    },
    "node_modules/all-files-in-tree": {
      "version": "1.1.2",
      "resolved": "https://registry.npmjs.org/all-files-in-tree/-/all-files-in-tree-1.1.2.tgz",
      "integrity": "sha512-sDXXZPeI3CE2gsfapBfvLvozKT6zO6dvkckPNaSKVLxPMFu2rO/zLlx6irzj7u6E9+P1YAyV2BjiGZM1SO2APA=="
    },
    "node_modules/pretty-file-tree": {
      "version": "1.0.1",
      "resolved": "https://registry.npmjs.org/pretty-file-tree/-/pretty-file-tree-1.0.1.tgz",
      "integrity": "sha512-w6uf7qIl6GTx8QjPKuhz62AjVJIg6/YD8aiblq7oXbl4XhdZqtarKMftFVxWoII4JSxS20CUK9ixoTVsJLDIZg=="
    },
    "node_modules/uglify-js": {
      "version": "3.17.4",
      "resolved": "https://registry.npmjs.org/uglify-js/-/uglify-js-3.17.4.tgz",
      "integrity": "sha512-T9q82TJI9e/C1TAxYvfb16xO120tMVFZrGA3f9/P4424DNu6ypK103y0GPFVa17yotwSyZW5iYXgjYHkGrJW/g==",
      "bin": {
        "uglifyjs": "bin/uglifyjs"
      },
      "engines": {
        "node": ">=0.8.0"
      }
    }
  }
}
